{
    "_readme": [
        "This file locks the dependencies of your project to a known state",
        "Read more about it at https://getcomposer.org/doc/01-basic-usage.md#installing-dependencies",
        "This file is @generated automatically"
    ],
    "content-hash": "45962c907c0d1b15dd71b65b65047273",
    "packages": [
        {
            "name": "uwebpro/substring",
            "version": "v2.0.0",
            "source": {
                "type": "git",
                "url": "https://github.com/willpercey-gb/substring.git",
                "reference": "ad72cd2ee926928cc79d99c3a3a94db8e00890ad"
            },
            "dist": {
                "type": "zip",
                "url": "https://api.github.com/repos/willpercey-gb/substring/zipball/ad72cd2ee926928cc79d99c3a3a94db8e00890ad",
                "reference": "ad72cd2ee926928cc79d99c3a3a94db8e00890ad",
                "shasum": ""
            },
            "require": {
                "ext-mbstring": "*",
                "php": "^7.1"
            },
            "type": "library",
            "autoload": {
                "classmap": [
                    "src/"
                ],
                "files": [
                    "src/function.php"
                ]
            },
            "notification-url": "https://packagist.org/downloads/",
            "license": [
                "MIT"
            ],
            "authors": [
                {
                    "name": "Will Percey",
                    "email": "info@uwebpro.com",
                    "homepage": "https://uwebpro.com/",
                    "role": "Developer"
                }
            ],
            "description": "A simple method for getting sub-strings",
            "homepage": "https://github.com/willpercey-gb/substring",
            "keywords": [
                "string",
                "sub",
                "substring",
                "uwebpro"
            ],
            "support": {
                "issues": "https://github.com/willpercey-gb/substring/issues",
                "source": "https://github.com/willpercey-gb/substring/tree/2.0.0"
            },
            "time": "2020-07-14T08:21:02+00:00"
        }
    ],
    "packages-dev": [],
    "aliases": [],
    "minimum-stability": "stable",
    "stability-flags": [],
    "prefer-stable": false,
    "prefer-lowest": false,
    "platform": {
        "ext-mbstring": "*"
    },
    "platform-dev": [],
    "plugin-api-version": "2.0.0"
}
